
Microsoft Visual Studio Solution File, Format Version 12.00
# Visual Studio Version 16
VisualStudioVersion = 16.0.30611.23
MinimumVisualStudioVersion = 10.0.40219.1
Project("{FAE04EC0-301F-11D3-BF4B-00C04F79EFBC}") = "Connectify_FinalProj_Backend", "Connectify_FinalProj_Backend\Connectify_FinalProj_Backend.csproj", "{0335F529-E192-42CB-8F8C-BB7805737E9F}"
EndProject
Global
	GlobalSection(SolutionConfigurationPlatforms) = preSolution
		Debug|Any CPU = Debug|Any CPU
		Release|Any CPU = Release|Any CPU
	EndGlobalSection
	GlobalSection(ProjectConfigurationPlatforms) = postSolution
		{0335F529-E192-42CB-8F8C-BB7805737E9F}.Debug|Any CPU.ActiveCfg = Debug|Any CPU
		{0335F529-E192-42CB-8F8C-BB7805737E9F}.Debug|Any CPU.Build.0 = Debug|Any CPU
		{0335F529-E192-42CB-8F8C-BB7805737E9F}.Release|Any CPU.ActiveCfg = Release|Any CPU
		{0335F529-E192-42CB-8F8C-BB7805737E9F}.Release|Any CPU.Build.0 = Release|Any CPU
	EndGlobalSection
	GlobalSection(SolutionProperties) = preSolution
		HideSolutionNode = FALSE
	EndGlobalSection
	GlobalSection(ExtensibilityGlobals) = postSolution
		SolutionGuid = {744C3CFA-B9FA-44FD-B441-3D8EB21A5859}
	EndGlobalSection
EndGlobal
